
Microsoft Visual Studio Solution File, Format Version 12.00
# Visual Studio Version 17
VisualStudioVersion = 17.5.33502.453
MinimumVisualStudioVersion = 10.0.40219.1
Project("{FAE04EC0-301F-11D3-BF4B-00C04F79EFBC}") = "Watch-Shop", "Watch-Shop\Watch-Shop.csproj", "{1DE7C9D4-65BB-4FC1-B00E-7DF76D5FDAF4}"
EndProject
Project("{FAE04EC0-301F-11D3-BF4B-00C04F79EFBC}") = "Database", "Database\Database.csproj", "{E1AFF088-1F2A-4C7D-8CEF-B4D2246A9246}"
EndProject
Project("{FAE04EC0-301F-11D3-BF4B-00C04F79EFBC}") = "Repositories", "Repositories\Repositories.csproj", "{56BD8ED8-74EB-4273-A886-3D5E4ACAC496}"
EndProject
Project("{FAE04EC0-301F-11D3-BF4B-00C04F79EFBC}") = "Services", "Services\Services.csproj", "{D7B08C7C-BD74-4306-8533-295050A28DEB}"
EndProject
Project("{FAE04EC0-301F-11D3-BF4B-00C04F79EFBC}") = "Core", "Core\Core.csproj", "{BAD97AFB-206C-4EBB-B857-0632F28699CF}"
EndProject
Global
	GlobalSection(SolutionConfigurationPlatforms) = preSolution
		Debug|Any CPU = Debug|Any CPU
		Release|Any CPU = Release|Any CPU
	EndGlobalSection
	GlobalSection(ProjectConfigurationPlatforms) = postSolution
		{1DE7C9D4-65BB-4FC1-B00E-7DF76D5FDAF4}.Debug|Any CPU.ActiveCfg = Debug|Any CPU
		{1DE7C9D4-65BB-4FC1-B00E-7DF76D5FDAF4}.Debug|Any CPU.Build.0 = Debug|Any CPU
		{1DE7C9D4-65BB-4FC1-B00E-7DF76D5FDAF4}.Release|Any CPU.ActiveCfg = Release|Any CPU
		{1DE7C9D4-65BB-4FC1-B00E-7DF76D5FDAF4}.Release|Any CPU.Build.0 = Release|Any CPU
		{E1AFF088-1F2A-4C7D-8CEF-B4D2246A9246}.Debug|Any CPU.ActiveCfg = Debug|Any CPU
		{E1AFF088-1F2A-4C7D-8CEF-B4D2246A9246}.Debug|Any CPU.Build.0 = Debug|Any CPU
		{E1AFF088-1F2A-4C7D-8CEF-B4D2246A9246}.Release|Any CPU.ActiveCfg = Release|Any CPU
		{E1AFF088-1F2A-4C7D-8CEF-B4D2246A9246}.Release|Any CPU.Build.0 = Release|Any CPU
		{56BD8ED8-74EB-4273-A886-3D5E4ACAC496}.Debug|Any CPU.ActiveCfg = Debug|Any CPU
		{56BD8ED8-74EB-4273-A886-3D5E4ACAC496}.Debug|Any CPU.Build.0 = Debug|Any CPU
		{56BD8ED8-74EB-4273-A886-3D5E4ACAC496}.Release|Any CPU.ActiveCfg = Release|Any CPU
		{56BD8ED8-74EB-4273-A886-3D5E4ACAC496}.Release|Any CPU.Build.0 = Release|Any CPU
		{D7B08C7C-BD74-4306-8533-295050A28DEB}.Debug|Any CPU.ActiveCfg = Debug|Any CPU
		{D7B08C7C-BD74-4306-8533-295050A28DEB}.Debug|Any CPU.Build.0 = Debug|Any CPU
		{D7B08C7C-BD74-4306-8533-295050A28DEB}.Release|Any CPU.ActiveCfg = Release|Any CPU
		{D7B08C7C-BD74-4306-8533-295050A28DEB}.Release|Any CPU.Build.0 = Release|Any CPU
		{BAD97AFB-206C-4EBB-B857-0632F28699CF}.Debug|Any CPU.ActiveCfg = Debug|Any CPU
		{BAD97AFB-206C-4EBB-B857-0632F28699CF}.Debug|Any CPU.Build.0 = Debug|Any CPU
		{BAD97AFB-206C-4EBB-B857-0632F28699CF}.Release|Any CPU.ActiveCfg = Release|Any CPU
		{BAD97AFB-206C-4EBB-B857-0632F28699CF}.Release|Any CPU.Build.0 = Release|Any CPU
	EndGlobalSection
	GlobalSection(SolutionProperties) = preSolution
		HideSolutionNode = FALSE
	EndGlobalSection
	GlobalSection(ExtensibilityGlobals) = postSolution
		SolutionGuid = {0EB90D7C-8ACE-468C-B1B8-03B16E21E64C}
	EndGlobalSection
EndGlobal
